
Microsoft Visual Studio Solution File, Format Version 12.00
# Visual Studio 14
VisualStudioVersion = 14.0.25420.1
MinimumVisualStudioVersion = 10.0.40219.1
Project("{FAE04EC0-301F-11D3-BF4B-00C04F79EFBC}") = "Task2", "Task2\Task2.csproj", "{9773AF38-BA21-4536-B28D-15D664790AEA}"
EndProject
Project("{FAE04EC0-301F-11D3-BF4B-00C04F79EFBC}") = "EnglishTextTask", "EnglishTextTask\EnglishTextTask.csproj", "{1116E11F-CBCA-4927-972D-3518D3A2A14C}"
EndProject
Project("{FAE04EC0-301F-11D3-BF4B-00C04F79EFBC}") = "PeopleCircleTask", "PeopleCircleTask\PeopleCircleTask.csproj", "{CC410E09-0BAC-4621-B032-BC73704341BB}"
EndProject
Global
	GlobalSection(SolutionConfigurationPlatforms) = preSolution
		Debug|Any CPU = Debug|Any CPU
		Release|Any CPU = Release|Any CPU
	EndGlobalSection
	GlobalSection(ProjectConfigurationPlatforms) = postSolution
		{9773AF38-BA21-4536-B28D-15D664790AEA}.Debug|Any CPU.ActiveCfg = Debug|Any CPU
		{9773AF38-BA21-4536-B28D-15D664790AEA}.Debug|Any CPU.Build.0 = Debug|Any CPU
		{9773AF38-BA21-4536-B28D-15D664790AEA}.Release|Any CPU.ActiveCfg = Release|Any CPU
		{9773AF38-BA21-4536-B28D-15D664790AEA}.Release|Any CPU.Build.0 = Release|Any CPU
		{1116E11F-CBCA-4927-972D-3518D3A2A14C}.Debug|Any CPU.ActiveCfg = Debug|Any CPU
		{1116E11F-CBCA-4927-972D-3518D3A2A14C}.Debug|Any CPU.Build.0 = Debug|Any CPU
		{1116E11F-CBCA-4927-972D-3518D3A2A14C}.Release|Any CPU.ActiveCfg = Release|Any CPU
		{1116E11F-CBCA-4927-972D-3518D3A2A14C}.Release|Any CPU.Build.0 = Release|Any CPU
		{CC410E09-0BAC-4621-B032-BC73704341BB}.Debug|Any CPU.ActiveCfg = Debug|Any CPU
		{CC410E09-0BAC-4621-B032-BC73704341BB}.Debug|Any CPU.Build.0 = Debug|Any CPU
		{CC410E09-0BAC-4621-B032-BC73704341BB}.Release|Any CPU.ActiveCfg = Release|Any CPU
		{CC410E09-0BAC-4621-B032-BC73704341BB}.Release|Any CPU.Build.0 = Release|Any CPU
	EndGlobalSection
	GlobalSection(SolutionProperties) = preSolution
		HideSolutionNode = FALSE
	EndGlobalSection
EndGlobal
